// !$*UTF8*$!
{
	archiveVersion = 1;
	classes = {
	};
	objectVersion = 56;
	objects = {

/* Begin PBXBuildFile section */
		D4005DB5295BE0E0004D695D /* CapGenApp.swift in Sources */ = {isa = PBXBuildFile; fileRef = D4005DB4295BE0E0004D695D /* CapGenApp.swift */; };
		D4005DB7295BE0E0004D695D /* ContentView.swift in Sources */ = {isa = PBXBuildFile; fileRef = D4005DB6295BE0E0004D695D /* ContentView.swift */; };
		D4005DB9295BE0E1004D695D /* Assets.xcassets in Resources */ = {isa = PBXBuildFile; fileRef = D4005DB8295BE0E1004D695D /* Assets.xcassets */; };
		D4005DBC295BE0E1004D695D /* Preview Assets.xcassets in Resources */ = {isa = PBXBuildFile; fileRef = D4005DBB295BE0E1004D695D /* Preview Assets.xcassets */; };
		D4005DC6295BE0E1004D695D /* CapGenTests.swift in Sources */ = {isa = PBXBuildFile; fileRef = D4005DC5295BE0E1004D695D /* CapGenTests.swift */; };
		D4005DD0295BE0E1004D695D /* CapGenUITests.swift in Sources */ = {isa = PBXBuildFile; fileRef = D4005DCF295BE0E1004D695D /* CapGenUITests.swift */; };
		D4005DD2295BE0E1004D695D /* CapGenUITestsLaunchTests.swift in Sources */ = {isa = PBXBuildFile; fileRef = D4005DD1295BE0E1004D695D /* CapGenUITestsLaunchTests.swift */; };
		D4005DE4295C042F004D695D /* Color.swift in Sources */ = {isa = PBXBuildFile; fileRef = D4005DE3295C042F004D695D /* Color.swift */; };
		D4005DEC295C09EE004D695D /* Font.swift in Sources */ = {isa = PBXBuildFile; fileRef = D4005DEB295C09EE004D695D /* Font.swift */; };
		D4056DDA295C0DFB00D3894D /* Blacker-Display-Regular-trial.ttf in Resources */ = {isa = PBXBuildFile; fileRef = D4056DC2295C0DFA00D3894D /* Blacker-Display-Regular-trial.ttf */; };
		D4056DDB295C0DFB00D3894D /* Blacker-Display-Medium-Italic-trial.ttf in Resources */ = {isa = PBXBuildFile; fileRef = D4056DC3295C0DFA00D3894D /* Blacker-Display-Medium-Italic-trial.ttf */; };
		D4056DDC295C0DFB00D3894D /* Blacker-Text-Heavy-Italic-trial.ttf in Resources */ = {isa = PBXBuildFile; fileRef = D4056DC4295C0DFA00D3894D /* Blacker-Text-Heavy-Italic-trial.ttf */; };
		D4056DDD295C0DFB00D3894D /* Blacker-Display-Light-Italic-trial.ttf in Resources */ = {isa = PBXBuildFile; fileRef = D4056DC5295C0DFA00D3894D /* Blacker-Display-Light-Italic-trial.ttf */; };
		D4056DDE295C0DFB00D3894D /* Blacker-Display-Regular-Italic-trial.ttf in Resources */ = {isa = PBXBuildFile; fileRef = D4056DC6295C0DFA00D3894D /* Blacker-Display-Regular-Italic-trial.ttf */; };
		D4056DDF295C0DFB00D3894D /* Blacker-Text-Bold-Italic-trial.ttf in Resources */ = {isa = PBXBuildFile; fileRef = D4056DC7295C0DFA00D3894D /* Blacker-Text-Bold-Italic-trial.ttf */; };
		D4056DE0295C0DFB00D3894D /* Blacker-Display-ExtraBold-trial.ttf in Resources */ = {isa = PBXBuildFile; fileRef = D4056DC8295C0DFA00D3894D /* Blacker-Display-ExtraBold-trial.ttf */; };
		D4056DE1295C0DFB00D3894D /* Blacker-Text-Heavy-trial.ttf in Resources */ = {isa = PBXBuildFile; fileRef = D4056DC9295C0DFA00D3894D /* Blacker-Text-Heavy-trial.ttf */; };
		D4056DE2295C0DFB00D3894D /* Blacker-Text-Light-Italic-trial.ttf in Resources */ = {isa = PBXBuildFile; fileRef = D4056DCA295C0DFA00D3894D /* Blacker-Text-Light-Italic-trial.ttf */; };
		D4056DE3295C0DFB00D3894D /* Blacker-Text-Book-trial.ttf in Resources */ = {isa = PBXBuildFile; fileRef = D4056DCB295C0DFB00D3894D /* Blacker-Text-Book-trial.ttf */; };
		D4056DE4295C0DFB00D3894D /* Blacker-Display-Medium-trial.ttf in Resources */ = {isa = PBXBuildFile; fileRef = D4056DCC295C0DFB00D3894D /* Blacker-Display-Medium-trial.ttf */; };
		D4056DE5295C0DFB00D3894D /* Blacker-Display-Bold-italic-trial.ttf in Resources */ = {isa = PBXBuildFile; fileRef = D4056DCD295C0DFB00D3894D /* Blacker-Display-Bold-italic-trial.ttf */; };
		D4056DE6295C0DFB00D3894D /* Blacker-Text-Book-Italic-trial.ttf in Resources */ = {isa = PBXBuildFile; fileRef = D4056DCE295C0DFB00D3894D /* Blacker-Text-Book-Italic-trial.ttf */; };
		D4056DE7295C0DFB00D3894D /* Blacker-Text-Light-trial.ttf in Resources */ = {isa = PBXBuildFile; fileRef = D4056DCF295C0DFB00D3894D /* Blacker-Text-Light-trial.ttf */; };
		D4056DE8295C0DFB00D3894D /* Blacker-Display-ExtraBold-Italic-trial.ttf in Resources */ = {isa = PBXBuildFile; fileRef = D4056DD0295C0DFB00D3894D /* Blacker-Display-ExtraBold-Italic-trial.ttf */; };
		D4056DE9295C0DFB00D3894D /* Blacker-Display-Heavy-Italic-trial.ttf in Resources */ = {isa = PBXBuildFile; fileRef = D4056DD1295C0DFB00D3894D /* Blacker-Display-Heavy-Italic-trial.ttf */; };
		D4056DEA295C0DFB00D3894D /* Blacker-Text-Medium-Italic-trial.ttf in Resources */ = {isa = PBXBuildFile; fileRef = D4056DD2295C0DFB00D3894D /* Blacker-Text-Medium-Italic-trial.ttf */; };
		D4056DEB295C0DFB00D3894D /* Blacker-Display-Bold-trial.ttf in Resources */ = {isa = PBXBuildFile; fileRef = D4056DD3295C0DFB00D3894D /* Blacker-Display-Bold-trial.ttf */; };
		D4056DEC295C0DFB00D3894D /* Blacker-Text-Medium-trial.ttf in Resources */ = {isa = PBXBuildFile; fileRef = D4056DD4295C0DFB00D3894D /* Blacker-Text-Medium-trial.ttf */; };
		D4056DED295C0DFB00D3894D /* Blacker-Text-Regular-Italic-trial.ttf in Resources */ = {isa = PBXBuildFile; fileRef = D4056DD5295C0DFB00D3894D /* Blacker-Text-Regular-Italic-trial.ttf */; };
		D4056DEE295C0DFB00D3894D /* Blacker-Text-Bold-trial.ttf in Resources */ = {isa = PBXBuildFile; fileRef = D4056DD6295C0DFB00D3894D /* Blacker-Text-Bold-trial.ttf */; };
		D4056DEF295C0DFB00D3894D /* Blacker-Display-Light-trial.ttf in Resources */ = {isa = PBXBuildFile; fileRef = D4056DD7295C0DFB00D3894D /* Blacker-Display-Light-trial.ttf */; };
		D4056DF0295C0DFB00D3894D /* Blacker-Text-Regular-trial.ttf in Resources */ = {isa = PBXBuildFile; fileRef = D4056DD8295C0DFB00D3894D /* Blacker-Text-Regular-trial.ttf */; };
		D4056DF1295C0DFB00D3894D /* Blacker-Display-Heavy-trial.ttf in Resources */ = {isa = PBXBuildFile; fileRef = D4056DD9295C0DFB00D3894D /* Blacker-Display-Heavy-trial.ttf */; };
		D4056E05295C0E2A00D3894D /* GraphikSuperItalic.otf in Resources */ = {isa = PBXBuildFile; fileRef = D4056DF3295C0E2900D3894D /* GraphikSuperItalic.otf */; };
		D4056E06295C0E2A00D3894D /* GraphikThin.otf in Resources */ = {isa = PBXBuildFile; fileRef = D4056DF4295C0E2900D3894D /* GraphikThin.otf */; };
		D4056E07295C0E2A00D3894D /* GraphikBold.otf in Resources */ = {isa = PBXBuildFile; fileRef = D4056DF5295C0E2900D3894D /* GraphikBold.otf */; };
		D4056E08295C0E2A00D3894D /* GraphikSuper.otf in Resources */ = {isa = PBXBuildFile; fileRef = D4056DF6295C0E2900D3894D /* GraphikSuper.otf */; };
		D4056E09295C0E2A00D3894D /* GraphikSemibold.otf in Resources */ = {isa = PBXBuildFile; fileRef = D4056DF7295C0E2900D3894D /* GraphikSemibold.otf */; };
		D4056E0A295C0E2A00D3894D /* GraphikExtralightItalic.otf in Resources */ = {isa = PBXBuildFile; fileRef = D4056DF8295C0E2900D3894D /* GraphikExtralightItalic.otf */; };
		D4056E0B295C0E2A00D3894D /* GraphikThinItalic.otf in Resources */ = {isa = PBXBuildFile; fileRef = D4056DF9295C0E2900D3894D /* GraphikThinItalic.otf */; };
		D4056E0C295C0E2A00D3894D /* GraphikMedium.otf in Resources */ = {isa = PBXBuildFile; fileRef = D4056DFA295C0E2900D3894D /* GraphikMedium.otf */; };
		D4056E0D295C0E2A00D3894D /* GraphikRegularItalic.otf in Resources */ = {isa = PBXBuildFile; fileRef = D4056DFB295C0E2900D3894D /* GraphikRegularItalic.otf */; };
		D4056E0E295C0E2A00D3894D /* GraphikLight.otf in Resources */ = {isa = PBXBuildFile; fileRef = D4056DFC295C0E2900D3894D /* GraphikLight.otf */; };
		D4056E0F295C0E2A00D3894D /* GraphikRegular.otf in Resources */ = {isa = PBXBuildFile; fileRef = D4056DFD295C0E2900D3894D /* GraphikRegular.otf */; };
		D4056E10295C0E2A00D3894D /* GraphikMediumItalic.otf in Resources */ = {isa = PBXBuildFile; fileRef = D4056DFE295C0E2900D3894D /* GraphikMediumItalic.otf */; };
		D4056E11295C0E2A00D3894D /* GraphikSemiboldItalic.otf in Resources */ = {isa = PBXBuildFile; fileRef = D4056DFF295C0E2900D3894D /* GraphikSemiboldItalic.otf */; };
		D4056E12295C0E2A00D3894D /* GraphikBoldItalic.otf in Resources */ = {isa = PBXBuildFile; fileRef = D4056E00295C0E2900D3894D /* GraphikBoldItalic.otf */; };
		D4056E13295C0E2A00D3894D /* GraphikBlack.otf in Resources */ = {isa = PBXBuildFile; fileRef = D4056E01295C0E2900D3894D /* GraphikBlack.otf */; };
		D4056E14295C0E2A00D3894D /* GraphikBlackItalic.otf in Resources */ = {isa = PBXBuildFile; fileRef = D4056E02295C0E2A00D3894D /* GraphikBlackItalic.otf */; };
		D4056E15295C0E2A00D3894D /* GraphikExtralight.otf in Resources */ = {isa = PBXBuildFile; fileRef = D4056E03295C0E2A00D3894D /* GraphikExtralight.otf */; };
		D4056E16295C0E2A00D3894D /* GraphikLightItalic.otf in Resources */ = {isa = PBXBuildFile; fileRef = D4056E04295C0E2A00D3894D /* GraphikLightItalic.otf */; };
		D4056E20295CCA1C00D3894D /* Pill.swift in Sources */ = {isa = PBXBuildFile; fileRef = D4056E1F295CCA1C00D3894D /* Pill.swift */; };
		D4056E24295E296600D3894D /* TextAreaView.swift in Sources */ = {isa = PBXBuildFile; fileRef = D4056E23295E296600D3894D /* TextAreaView.swift */; };
		D4056E26295F639100D3894D /* BottomAreaView.swift in Sources */ = {isa = PBXBuildFile; fileRef = D4056E25295F639100D3894D /* BottomAreaView.swift */; };
		D4056E28295F659B00D3894D /* View.swift in Sources */ = {isa = PBXBuildFile; fileRef = D4056E27295F659B00D3894D /* View.swift */; };
		D4056E2A295F8EA700D3894D /* RectangleCard.swift in Sources */ = {isa = PBXBuildFile; fileRef = D4056E29295F8EA700D3894D /* RectangleCard.swift */; };
		D4056E2C295F8F0100D3894D /* ToneModel.swift in Sources */ = {isa = PBXBuildFile; fileRef = D4056E2B295F8F0100D3894D /* ToneModel.swift */; };
		D4056E2E295F8F3A00D3894D /* Tones.json in Resources */ = {isa = PBXBuildFile; fileRef = D4056E2D295F8F3A00D3894D /* Tones.json */; };
		D4056E302960F54900D3894D /* SnappableSliderView.swift in Sources */ = {isa = PBXBuildFile; fileRef = D4056E2F2960F54900D3894D /* SnappableSliderView.swift */; };
		D4056E34296202E900D3894D /* CaptionLengths.json in Resources */ = {isa = PBXBuildFile; fileRef = D4056E33296202E900D3894D /* CaptionLengths.json */; };
		D4056E362962030800D3894D /* CaptionLengthsModel.swift in Sources */ = {isa = PBXBuildFile; fileRef = D4056E352962030800D3894D /* CaptionLengthsModel.swift */; };
		D4056E382963178D00D3894D /* CaptionView.swift in Sources */ = {isa = PBXBuildFile; fileRef = D4056E372963178D00D3894D /* CaptionView.swift */; };
		D4056E3A29632A4E00D3894D /* NavigationCoordinator.swift in Sources */ = {isa = PBXBuildFile; fileRef = D4056E3929632A4E00D3894D /* NavigationCoordinator.swift */; };
		D4056E3C2963450D00D3894D /* OpenAIConnector.swift in Sources */ = {isa = PBXBuildFile; fileRef = D4056E3B2963450D00D3894D /* OpenAIConnector.swift */; };
		D4056E3E2963487500D3894D /* OpenAIModel.swift in Sources */ = {isa = PBXBuildFile; fileRef = D4056E3D2963487500D3894D /* OpenAIModel.swift */; };
		D4056E402963AB3B00D3894D /* LoadingView.swift in Sources */ = {isa = PBXBuildFile; fileRef = D4056E3F2963AB3B00D3894D /* LoadingView.swift */; };
/* End PBXBuildFile section */

/* Begin PBXContainerItemProxy section */
		D4005DC2295BE0E1004D695D /* PBXContainerItemProxy */ = {
			isa = PBXContainerItemProxy;
			containerPortal = D4005DA9295BE0E0004D695D /* Project object */;
			proxyType = 1;
			remoteGlobalIDString = D4005DB0295BE0E0004D695D;
			remoteInfo = CapGen;
		};
		D4005DCC295BE0E1004D695D /* PBXContainerItemProxy */ = {
			isa = PBXContainerItemProxy;
			containerPortal = D4005DA9295BE0E0004D695D /* Project object */;
			proxyType = 1;
			remoteGlobalIDString = D4005DB0295BE0E0004D695D;
			remoteInfo = CapGen;
		};
/* End PBXContainerItemProxy section */

/* Begin PBXFileReference section */
		D4005DB1295BE0E0004D695D /* CapGen.app */ = {isa = PBXFileReference; explicitFileType = wrapper.application; includeInIndex = 0; path = CapGen.app; sourceTree = BUILT_PRODUCTS_DIR; };
		D4005DB4295BE0E0004D695D /* CapGenApp.swift */ = {isa = PBXFileReference; lastKnownFileType = sourcecode.swift; path = CapGenApp.swift; sourceTree = "<group>"; };
		D4005DB6295BE0E0004D695D /* ContentView.swift */ = {isa = PBXFileReference; lastKnownFileType = sourcecode.swift; path = ContentView.swift; sourceTree = "<group>"; };
		D4005DB8295BE0E1004D695D /* Assets.xcassets */ = {isa = PBXFileReference; lastKnownFileType = folder.assetcatalog; path = Assets.xcassets; sourceTree = "<group>"; };
		D4005DBB295BE0E1004D695D /* Preview Assets.xcassets */ = {isa = PBXFileReference; lastKnownFileType = folder.assetcatalog; path = "Preview Assets.xcassets"; sourceTree = "<group>"; };
		D4005DC1295BE0E1004D695D /* CapGenTests.xctest */ = {isa = PBXFileReference; explicitFileType = wrapper.cfbundle; includeInIndex = 0; path = CapGenTests.xctest; sourceTree = BUILT_PRODUCTS_DIR; };
		D4005DC5295BE0E1004D695D /* CapGenTests.swift */ = {isa = PBXFileReference; lastKnownFileType = sourcecode.swift; path = CapGenTests.swift; sourceTree = "<group>"; };
		D4005DCB295BE0E1004D695D /* CapGenUITests.xctest */ = {isa = PBXFileReference; explicitFileType = wrapper.cfbundle; includeInIndex = 0; path = CapGenUITests.xctest; sourceTree = BUILT_PRODUCTS_DIR; };
		D4005DCF295BE0E1004D695D /* CapGenUITests.swift */ = {isa = PBXFileReference; lastKnownFileType = sourcecode.swift; path = CapGenUITests.swift; sourceTree = "<group>"; };
		D4005DD1295BE0E1004D695D /* CapGenUITestsLaunchTests.swift */ = {isa = PBXFileReference; lastKnownFileType = sourcecode.swift; path = CapGenUITestsLaunchTests.swift; sourceTree = "<group>"; };
		D4005DE3295C042F004D695D /* Color.swift */ = {isa = PBXFileReference; lastKnownFileType = sourcecode.swift; path = Color.swift; sourceTree = "<group>"; };
		D4005DEA295C086A004D695D /* Info.plist */ = {isa = PBXFileReference; lastKnownFileType = text.plist; path = Info.plist; sourceTree = "<group>"; };
		D4005DEB295C09EE004D695D /* Font.swift */ = {isa = PBXFileReference; lastKnownFileType = sourcecode.swift; path = Font.swift; sourceTree = "<group>"; };
		D4056DC2295C0DFA00D3894D /* Blacker-Display-Regular-trial.ttf */ = {isa = PBXFileReference; lastKnownFileType = file; path = "Blacker-Display-Regular-trial.ttf"; sourceTree = "<group>"; };
		D4056DC3295C0DFA00D3894D /* Blacker-Display-Medium-Italic-trial.ttf */ = {isa = PBXFileReference; lastKnownFileType = file; path = "Blacker-Display-Medium-Italic-trial.ttf"; sourceTree = "<group>"; };
		D4056DC4295C0DFA00D3894D /* Blacker-Text-Heavy-Italic-trial.ttf */ = {isa = PBXFileReference; lastKnownFileType = file; path = "Blacker-Text-Heavy-Italic-trial.ttf"; sourceTree = "<group>"; };
		D4056DC5295C0DFA00D3894D /* Blacker-Display-Light-Italic-trial.ttf */ = {isa = PBXFileReference; lastKnownFileType = file; path = "Blacker-Display-Light-Italic-trial.ttf"; sourceTree = "<group>"; };
		D4056DC6295C0DFA00D3894D /* Blacker-Display-Regular-Italic-trial.ttf */ = {isa = PBXFileReference; lastKnownFileType = file; path = "Blacker-Display-Regular-Italic-trial.ttf"; sourceTree = "<group>"; };
		D4056DC7295C0DFA00D3894D /* Blacker-Text-Bold-Italic-trial.ttf */ = {isa = PBXFileReference; lastKnownFileType = file; path = "Blacker-Text-Bold-Italic-trial.ttf"; sourceTree = "<group>"; };
		D4056DC8295C0DFA00D3894D /* Blacker-Display-ExtraBold-trial.ttf */ = {isa = PBXFileReference; lastKnownFileType = file; path = "Blacker-Display-ExtraBold-trial.ttf"; sourceTree = "<group>"; };
		D4056DC9295C0DFA00D3894D /* Blacker-Text-Heavy-trial.ttf */ = {isa = PBXFileReference; lastKnownFileType = file; path = "Blacker-Text-Heavy-trial.ttf"; sourceTree = "<group>"; };
		D4056DCA295C0DFA00D3894D /* Blacker-Text-Light-Italic-trial.ttf */ = {isa = PBXFileReference; lastKnownFileType = file; path = "Blacker-Text-Light-Italic-trial.ttf"; sourceTree = "<group>"; };
		D4056DCB295C0DFB00D3894D /* Blacker-Text-Book-trial.ttf */ = {isa = PBXFileReference; lastKnownFileType = file; path = "Blacker-Text-Book-trial.ttf"; sourceTree = "<group>"; };
		D4056DCC295C0DFB00D3894D /* Blacker-Display-Medium-trial.ttf */ = {isa = PBXFileReference; lastKnownFileType = file; path = "Blacker-Display-Medium-trial.ttf"; sourceTree = "<group>"; };
		D4056DCD295C0DFB00D3894D /* Blacker-Display-Bold-italic-trial.ttf */ = {isa = PBXFileReference; lastKnownFileType = file; path = "Blacker-Display-Bold-italic-trial.ttf"; sourceTree = "<group>"; };
		D4056DCE295C0DFB00D3894D /* Blacker-Text-Book-Italic-trial.ttf */ = {isa = PBXFileReference; lastKnownFileType = file; path = "Blacker-Text-Book-Italic-trial.ttf"; sourceTree = "<group>"; };
		D4056DCF295C0DFB00D3894D /* Blacker-Text-Light-trial.ttf */ = {isa = PBXFileReference; lastKnownFileType = file; path = "Blacker-Text-Light-trial.ttf"; sourceTree = "<group>"; };
		D4056DD0295C0DFB00D3894D /* Blacker-Display-ExtraBold-Italic-trial.ttf */ = {isa = PBXFileReference; lastKnownFileType = file; path = "Blacker-Display-ExtraBold-Italic-trial.ttf"; sourceTree = "<group>"; };
		D4056DD1295C0DFB00D3894D /* Blacker-Display-Heavy-Italic-trial.ttf */ = {isa = PBXFileReference; lastKnownFileType = file; path = "Blacker-Display-Heavy-Italic-trial.ttf"; sourceTree = "<group>"; };
		D4056DD2295C0DFB00D3894D /* Blacker-Text-Medium-Italic-trial.ttf */ = {isa = PBXFileReference; lastKnownFileType = file; path = "Blacker-Text-Medium-Italic-trial.ttf"; sourceTree = "<group>"; };
		D4056DD3295C0DFB00D3894D /* Blacker-Display-Bold-trial.ttf */ = {isa = PBXFileReference; lastKnownFileType = file; path = "Blacker-Display-Bold-trial.ttf"; sourceTree = "<group>"; };
		D4056DD4295C0DFB00D3894D /* Blacker-Text-Medium-trial.ttf */ = {isa = PBXFileReference; lastKnownFileType = file; path = "Blacker-Text-Medium-trial.ttf"; sourceTree = "<group>"; };
		D4056DD5295C0DFB00D3894D /* Blacker-Text-Regular-Italic-trial.ttf */ = {isa = PBXFileReference; lastKnownFileType = file; path = "Blacker-Text-Regular-Italic-trial.ttf"; sourceTree = "<group>"; };
		D4056DD6295C0DFB00D3894D /* Blacker-Text-Bold-trial.ttf */ = {isa = PBXFileReference; lastKnownFileType = file; path = "Blacker-Text-Bold-trial.ttf"; sourceTree = "<group>"; };
		D4056DD7295C0DFB00D3894D /* Blacker-Display-Light-trial.ttf */ = {isa = PBXFileReference; lastKnownFileType = file; path = "Blacker-Display-Light-trial.ttf"; sourceTree = "<group>"; };
		D4056DD8295C0DFB00D3894D /* Blacker-Text-Regular-trial.ttf */ = {isa = PBXFileReference; lastKnownFileType = file; path = "Blacker-Text-Regular-trial.ttf"; sourceTree = "<group>"; };
		D4056DD9295C0DFB00D3894D /* Blacker-Display-Heavy-trial.ttf */ = {isa = PBXFileReference; lastKnownFileType = file; path = "Blacker-Display-Heavy-trial.ttf"; sourceTree = "<group>"; };
		D4056DF3295C0E2900D3894D /* GraphikSuperItalic.otf */ = {isa = PBXFileReference; lastKnownFileType = file; path = GraphikSuperItalic.otf; sourceTree = "<group>"; };
		D4056DF4295C0E2900D3894D /* GraphikThin.otf */ = {isa = PBXFileReference; lastKnownFileType = file; path = GraphikThin.otf; sourceTree = "<group>"; };
		D4056DF5295C0E2900D3894D /* GraphikBold.otf */ = {isa = PBXFileReference; lastKnownFileType = file; path = GraphikBold.otf; sourceTree = "<group>"; };
		D4056DF6295C0E2900D3894D /* GraphikSuper.otf */ = {isa = PBXFileReference; lastKnownFileType = file; path = GraphikSuper.otf; sourceTree = "<group>"; };
		D4056DF7295C0E2900D3894D /* GraphikSemibold.otf */ = {isa = PBXFileReference; lastKnownFileType = file; path = GraphikSemibold.otf; sourceTree = "<group>"; };
		D4056DF8295C0E2900D3894D /* GraphikExtralightItalic.otf */ = {isa = PBXFileReference; lastKnownFileType = file; path = GraphikExtralightItalic.otf; sourceTree = "<group>"; };
		D4056DF9295C0E2900D3894D /* GraphikThinItalic.otf */ = {isa = PBXFileReference; lastKnownFileType = file; path = GraphikThinItalic.otf; sourceTree = "<group>"; };
		D4056DFA295C0E2900D3894D /* GraphikMedium.otf */ = {isa = PBXFileReference; lastKnownFileType = file; path = GraphikMedium.otf; sourceTree = "<group>"; };
		D4056DFB295C0E2900D3894D /* GraphikRegularItalic.otf */ = {isa = PBXFileReference; lastKnownFileType = file; path = GraphikRegularItalic.otf; sourceTree = "<group>"; };
		D4056DFC295C0E2900D3894D /* GraphikLight.otf */ = {isa = PBXFileReference; lastKnownFileType = file; path = GraphikLight.otf; sourceTree = "<group>"; };
		D4056DFD295C0E2900D3894D /* GraphikRegular.otf */ = {isa = PBXFileReference; lastKnownFileType = file; path = GraphikRegular.otf; sourceTree = "<group>"; };
		D4056DFE295C0E2900D3894D /* GraphikMediumItalic.otf */ = {isa = PBXFileReference; lastKnownFileType = file; path = GraphikMediumItalic.otf; sourceTree = "<group>"; };
		D4056DFF295C0E2900D3894D /* GraphikSemiboldItalic.otf */ = {isa = PBXFileReference; lastKnownFileType = file; path = GraphikSemiboldItalic.otf; sourceTree = "<group>"; };
		D4056E00295C0E2900D3894D /* GraphikBoldItalic.otf */ = {isa = PBXFileReference; lastKnownFileType = file; path = GraphikBoldItalic.otf; sourceTree = "<group>"; };
		D4056E01295C0E2900D3894D /* GraphikBlack.otf */ = {isa = PBXFileReference; lastKnownFileType = file; path = GraphikBlack.otf; sourceTree = "<group>"; };
		D4056E02295C0E2A00D3894D /* GraphikBlackItalic.otf */ = {isa = PBXFileReference; lastKnownFileType = file; path = GraphikBlackItalic.otf; sourceTree = "<group>"; };
		D4056E03295C0E2A00D3894D /* GraphikExtralight.otf */ = {isa = PBXFileReference; lastKnownFileType = file; path = GraphikExtralight.otf; sourceTree = "<group>"; };
		D4056E04295C0E2A00D3894D /* GraphikLightItalic.otf */ = {isa = PBXFileReference; lastKnownFileType = file; path = GraphikLightItalic.otf; sourceTree = "<group>"; };
		D4056E1F295CCA1C00D3894D /* Pill.swift */ = {isa = PBXFileReference; lastKnownFileType = sourcecode.swift; path = Pill.swift; sourceTree = "<group>"; };
		D4056E23295E296600D3894D /* TextAreaView.swift */ = {isa = PBXFileReference; lastKnownFileType = sourcecode.swift; path = TextAreaView.swift; sourceTree = "<group>"; };
		D4056E25295F639100D3894D /* BottomAreaView.swift */ = {isa = PBXFileReference; lastKnownFileType = sourcecode.swift; path = BottomAreaView.swift; sourceTree = "<group>"; };
		D4056E27295F659B00D3894D /* View.swift */ = {isa = PBXFileReference; lastKnownFileType = sourcecode.swift; path = View.swift; sourceTree = "<group>"; };
		D4056E29295F8EA700D3894D /* RectangleCard.swift */ = {isa = PBXFileReference; lastKnownFileType = sourcecode.swift; path = RectangleCard.swift; sourceTree = "<group>"; };
		D4056E2B295F8F0100D3894D /* ToneModel.swift */ = {isa = PBXFileReference; lastKnownFileType = sourcecode.swift; path = ToneModel.swift; sourceTree = "<group>"; };
		D4056E2D295F8F3A00D3894D /* Tones.json */ = {isa = PBXFileReference; lastKnownFileType = text.json; path = Tones.json; sourceTree = "<group>"; };
		D4056E2F2960F54900D3894D /* SnappableSliderView.swift */ = {isa = PBXFileReference; lastKnownFileType = sourcecode.swift; path = SnappableSliderView.swift; sourceTree = "<group>"; };
		D4056E33296202E900D3894D /* CaptionLengths.json */ = {isa = PBXFileReference; lastKnownFileType = text.json; path = CaptionLengths.json; sourceTree = "<group>"; };
		D4056E352962030800D3894D /* CaptionLengthsModel.swift */ = {isa = PBXFileReference; lastKnownFileType = sourcecode.swift; path = CaptionLengthsModel.swift; sourceTree = "<group>"; };
		D4056E372963178D00D3894D /* CaptionView.swift */ = {isa = PBXFileReference; lastKnownFileType = sourcecode.swift; path = CaptionView.swift; sourceTree = "<group>"; };
		D4056E3929632A4E00D3894D /* NavigationCoordinator.swift */ = {isa = PBXFileReference; lastKnownFileType = sourcecode.swift; path = NavigationCoordinator.swift; sourceTree = "<group>"; };
		D4056E3B2963450D00D3894D /* OpenAIConnector.swift */ = {isa = PBXFileReference; lastKnownFileType = sourcecode.swift; path = OpenAIConnector.swift; sourceTree = "<group>"; };
		D4056E3D2963487500D3894D /* OpenAIModel.swift */ = {isa = PBXFileReference; lastKnownFileType = sourcecode.swift; path = OpenAIModel.swift; sourceTree = "<group>"; };
		D4056E3F2963AB3B00D3894D /* LoadingView.swift */ = {isa = PBXFileReference; lastKnownFileType = sourcecode.swift; path = LoadingView.swift; sourceTree = "<group>"; };
/* End PBXFileReference section */

/* Begin PBXFrameworksBuildPhase section */
		D4005DAE295BE0E0004D695D /* Frameworks */ = {
			isa = PBXFrameworksBuildPhase;
			buildActionMask = 2147483647;
			files = (
			);
			runOnlyForDeploymentPostprocessing = 0;
		};
		D4005DBE295BE0E1004D695D /* Frameworks */ = {
			isa = PBXFrameworksBuildPhase;
			buildActionMask = 2147483647;
			files = (
			);
			runOnlyForDeploymentPostprocessing = 0;
		};
		D4005DC8295BE0E1004D695D /* Frameworks */ = {
			isa = PBXFrameworksBuildPhase;
			buildActionMask = 2147483647;
			files = (
			);
			runOnlyForDeploymentPostprocessing = 0;
		};
/* End PBXFrameworksBuildPhase section */

/* Begin PBXGroup section */
		D4005DA8295BE0E0004D695D = {
			isa = PBXGroup;
			children = (
				D4005DB3295BE0E0004D695D /* CapGen */,
				D4005DC4295BE0E1004D695D /* CapGenTests */,
				D4005DCE295BE0E1004D695D /* CapGenUITests */,
				D4005DB2295BE0E0004D695D /* Products */,
			);
			sourceTree = "<group>";
		};
		D4005DB2295BE0E0004D695D /* Products */ = {
			isa = PBXGroup;
			children = (
				D4005DB1295BE0E0004D695D /* CapGen.app */,
				D4005DC1295BE0E1004D695D /* CapGenTests.xctest */,
				D4005DCB295BE0E1004D695D /* CapGenUITests.xctest */,
			);
			name = Products;
			sourceTree = "<group>";
		};
		D4005DB3295BE0E0004D695D /* CapGen */ = {
			isa = PBXGroup;
			children = (
				D4005DEA295C086A004D695D /* Info.plist */,
				D4056E19295CC59800D3894D /* Data */,
				D4005DDE295C024A004D695D /* Models */,
				D4005DDF295C0252004D695D /* Views */,
				D4005DE0295C0258004D695D /* Controllers */,
				D4005DE1295C0268004D695D /* Supporting */,
				D4005DB8295BE0E1004D695D /* Assets.xcassets */,
				D4005DBA295BE0E1004D695D /* Preview Content */,
			);
			path = CapGen;
			sourceTree = "<group>";
		};
		D4005DBA295BE0E1004D695D /* Preview Content */ = {
			isa = PBXGroup;
			children = (
				D4005DBB295BE0E1004D695D /* Preview Assets.xcassets */,
			);
			path = "Preview Content";
			sourceTree = "<group>";
		};
		D4005DC4295BE0E1004D695D /* CapGenTests */ = {
			isa = PBXGroup;
			children = (
				D4005DC5295BE0E1004D695D /* CapGenTests.swift */,
			);
			path = CapGenTests;
			sourceTree = "<group>";
		};
		D4005DCE295BE0E1004D695D /* CapGenUITests */ = {
			isa = PBXGroup;
			children = (
				D4005DCF295BE0E1004D695D /* CapGenUITests.swift */,
				D4005DD1295BE0E1004D695D /* CapGenUITestsLaunchTests.swift */,
			);
			path = CapGenUITests;
			sourceTree = "<group>";
		};
		D4005DDE295C024A004D695D /* Models */ = {
			isa = PBXGroup;
			children = (
				D4056E2B295F8F0100D3894D /* ToneModel.swift */,
				D4056E352962030800D3894D /* CaptionLengthsModel.swift */,
				D4056E3D2963487500D3894D /* OpenAIModel.swift */,
			);
			path = Models;
			sourceTree = "<group>";
		};
		D4005DDF295C0252004D695D /* Views */ = {
			isa = PBXGroup;
			children = (
				D4005DB6295BE0E0004D695D /* ContentView.swift */,
				D4056E25295F639100D3894D /* BottomAreaView.swift */,
				D4056E3F2963AB3B00D3894D /* LoadingView.swift */,
				D4056E372963178D00D3894D /* CaptionView.swift */,
				D4056E1E295CC92100D3894D /* Common */,
			);
			path = Views;
			sourceTree = "<group>";
		};
		D4005DE0295C0258004D695D /* Controllers */ = {
			isa = PBXGroup;
			children = (
				D4056E3929632A4E00D3894D /* NavigationCoordinator.swift */,
				D4056E3B2963450D00D3894D /* OpenAIConnector.swift */,
			);
			path = Controllers;
			sourceTree = "<group>";
		};
		D4005DE1295C0268004D695D /* Supporting */ = {
			isa = PBXGroup;
			children = (
				D4005DB4295BE0E0004D695D /* CapGenApp.swift */,
				D4005DE5295C0736004D695D /* Fonts */,
				D4005DE2295C041C004D695D /* Extensions */,
			);
			path = Supporting;
			sourceTree = "<group>";
		};
		D4005DE2295C041C004D695D /* Extensions */ = {
			isa = PBXGroup;
			children = (
				D4005DE3295C042F004D695D /* Color.swift */,
				D4005DEB295C09EE004D695D /* Font.swift */,
				D4056E27295F659B00D3894D /* View.swift */,
			);
			path = Extensions;
			sourceTree = "<group>";
		};
		D4005DE5295C0736004D695D /* Fonts */ = {
			isa = PBXGroup;
			children = (
				D4056DF2295C0E1300D3894D /* GraphikText */,
				D4056DC1295C0DD900D3894D /* BlackerText */,
			);
			path = Fonts;
			sourceTree = "<group>";
		};
		D4056DC1295C0DD900D3894D /* BlackerText */ = {
			isa = PBXGroup;
			children = (
				D4056DCD295C0DFB00D3894D /* Blacker-Display-Bold-italic-trial.ttf */,
				D4056DD3295C0DFB00D3894D /* Blacker-Display-Bold-trial.ttf */,
				D4056DD0295C0DFB00D3894D /* Blacker-Display-ExtraBold-Italic-trial.ttf */,
				D4056DC8295C0DFA00D3894D /* Blacker-Display-ExtraBold-trial.ttf */,
				D4056DD1295C0DFB00D3894D /* Blacker-Display-Heavy-Italic-trial.ttf */,
				D4056DD9295C0DFB00D3894D /* Blacker-Display-Heavy-trial.ttf */,
				D4056DC5295C0DFA00D3894D /* Blacker-Display-Light-Italic-trial.ttf */,
				D4056DD7295C0DFB00D3894D /* Blacker-Display-Light-trial.ttf */,
				D4056DC3295C0DFA00D3894D /* Blacker-Display-Medium-Italic-trial.ttf */,
				D4056DCC295C0DFB00D3894D /* Blacker-Display-Medium-trial.ttf */,
				D4056DC6295C0DFA00D3894D /* Blacker-Display-Regular-Italic-trial.ttf */,
				D4056DC2295C0DFA00D3894D /* Blacker-Display-Regular-trial.ttf */,
				D4056DC7295C0DFA00D3894D /* Blacker-Text-Bold-Italic-trial.ttf */,
				D4056DD6295C0DFB00D3894D /* Blacker-Text-Bold-trial.ttf */,
				D4056DCE295C0DFB00D3894D /* Blacker-Text-Book-Italic-trial.ttf */,
				D4056DCB295C0DFB00D3894D /* Blacker-Text-Book-trial.ttf */,
				D4056DC4295C0DFA00D3894D /* Blacker-Text-Heavy-Italic-trial.ttf */,
				D4056DC9295C0DFA00D3894D /* Blacker-Text-Heavy-trial.ttf */,
				D4056DCA295C0DFA00D3894D /* Blacker-Text-Light-Italic-trial.ttf */,
				D4056DCF295C0DFB00D3894D /* Blacker-Text-Light-trial.ttf */,
				D4056DD2295C0DFB00D3894D /* Blacker-Text-Medium-Italic-trial.ttf */,
				D4056DD4295C0DFB00D3894D /* Blacker-Text-Medium-trial.ttf */,
				D4056DD5295C0DFB00D3894D /* Blacker-Text-Regular-Italic-trial.ttf */,
				D4056DD8295C0DFB00D3894D /* Blacker-Text-Regular-trial.ttf */,
			);
			path = BlackerText;
			sourceTree = "<group>";
		};
		D4056DF2295C0E1300D3894D /* GraphikText */ = {
			isa = PBXGroup;
			children = (
				D4056E01295C0E2900D3894D /* GraphikBlack.otf */,
				D4056E02295C0E2A00D3894D /* GraphikBlackItalic.otf */,
				D4056DF5295C0E2900D3894D /* GraphikBold.otf */,
				D4056E00295C0E2900D3894D /* GraphikBoldItalic.otf */,
				D4056E03295C0E2A00D3894D /* GraphikExtralight.otf */,
				D4056DF8295C0E2900D3894D /* GraphikExtralightItalic.otf */,
				D4056DFC295C0E2900D3894D /* GraphikLight.otf */,
				D4056E04295C0E2A00D3894D /* GraphikLightItalic.otf */,
				D4056DFA295C0E2900D3894D /* GraphikMedium.otf */,
				D4056DFE295C0E2900D3894D /* GraphikMediumItalic.otf */,
				D4056DFD295C0E2900D3894D /* GraphikRegular.otf */,
				D4056DFB295C0E2900D3894D /* GraphikRegularItalic.otf */,
				D4056DF7295C0E2900D3894D /* GraphikSemibold.otf */,
				D4056DFF295C0E2900D3894D /* GraphikSemiboldItalic.otf */,
				D4056DF6295C0E2900D3894D /* GraphikSuper.otf */,
				D4056DF3295C0E2900D3894D /* GraphikSuperItalic.otf */,
				D4056DF4295C0E2900D3894D /* GraphikThin.otf */,
				D4056DF9295C0E2900D3894D /* GraphikThinItalic.otf */,
			);
			path = GraphikText;
			sourceTree = "<group>";
		};
		D4056E19295CC59800D3894D /* Data */ = {
			isa = PBXGroup;
			children = (
				D4056E2D295F8F3A00D3894D /* Tones.json */,
				D4056E33296202E900D3894D /* CaptionLengths.json */,
			);
			path = Data;
			sourceTree = "<group>";
		};
		D4056E1E295CC92100D3894D /* Common */ = {
			isa = PBXGroup;
			children = (
				D4056E1F295CCA1C00D3894D /* Pill.swift */,
				D4056E23295E296600D3894D /* TextAreaView.swift */,
				D4056E29295F8EA700D3894D /* RectangleCard.swift */,
				D4056E2F2960F54900D3894D /* SnappableSliderView.swift */,
			);
			path = Common;
			sourceTree = "<group>";
		};
/* End PBXGroup section */

/* Begin PBXNativeTarget section */
		D4005DB0295BE0E0004D695D /* CapGen */ = {
			isa = PBXNativeTarget;
			buildConfigurationList = D4005DD5295BE0E1004D695D /* Build configuration list for PBXNativeTarget "CapGen" */;
			buildPhases = (
				D4005DAD295BE0E0004D695D /* Sources */,
				D4005DAE295BE0E0004D695D /* Frameworks */,
				D4005DAF295BE0E0004D695D /* Resources */,
			);
			buildRules = (
			);
			dependencies = (
			);
			name = CapGen;
			productName = CapGen;
			productReference = D4005DB1295BE0E0004D695D /* CapGen.app */;
			productType = "com.apple.product-type.application";
		};
		D4005DC0295BE0E1004D695D /* CapGenTests */ = {
			isa = PBXNativeTarget;
			buildConfigurationList = D4005DD8295BE0E1004D695D /* Build configuration list for PBXNativeTarget "CapGenTests" */;
			buildPhases = (
				D4005DBD295BE0E1004D695D /* Sources */,
				D4005DBE295BE0E1004D695D /* Frameworks */,
				D4005DBF295BE0E1004D695D /* Resources */,
			);
			buildRules = (
			);
			dependencies = (
				D4005DC3295BE0E1004D695D /* PBXTargetDependency */,
			);
			name = CapGenTests;
			productName = CapGenTests;
			productReference = D4005DC1295BE0E1004D695D /* CapGenTests.xctest */;
			productType = "com.apple.product-type.bundle.unit-test";
		};
		D4005DCA295BE0E1004D695D /* CapGenUITests */ = {
			isa = PBXNativeTarget;
			buildConfigurationList = D4005DDB295BE0E1004D695D /* Build configuration list for PBXNativeTarget "CapGenUITests" */;
			buildPhases = (
				D4005DC7295BE0E1004D695D /* Sources */,
				D4005DC8295BE0E1004D695D /* Frameworks */,
				D4005DC9295BE0E1004D695D /* Resources */,
			);
			buildRules = (
			);
			dependencies = (
				D4005DCD295BE0E1004D695D /* PBXTargetDependency */,
			);
			name = CapGenUITests;
			productName = CapGenUITests;
			productReference = D4005DCB295BE0E1004D695D /* CapGenUITests.xctest */;
			productType = "com.apple.product-type.bundle.ui-testing";
		};
/* End PBXNativeTarget section */

/* Begin PBXProject section */
		D4005DA9295BE0E0004D695D /* Project object */ = {
			isa = PBXProject;
			attributes = {
				BuildIndependentTargetsInParallel = 1;
				LastSwiftUpdateCheck = 1420;
				LastUpgradeCheck = 1420;
				TargetAttributes = {
					D4005DB0295BE0E0004D695D = {
						CreatedOnToolsVersion = 14.2;
					};
					D4005DC0295BE0E1004D695D = {
						CreatedOnToolsVersion = 14.2;
						TestTargetID = D4005DB0295BE0E0004D695D;
					};
					D4005DCA295BE0E1004D695D = {
						CreatedOnToolsVersion = 14.2;
						TestTargetID = D4005DB0295BE0E0004D695D;
					};
				};
			};
			buildConfigurationList = D4005DAC295BE0E0004D695D /* Build configuration list for PBXProject "CapGen" */;
			compatibilityVersion = "Xcode 14.0";
			developmentRegion = en;
			hasScannedForEncodings = 0;
			knownRegions = (
				en,
				Base,
			);
			mainGroup = D4005DA8295BE0E0004D695D;
			productRefGroup = D4005DB2295BE0E0004D695D /* Products */;
			projectDirPath = "";
			projectRoot = "";
			targets = (
				D4005DB0295BE0E0004D695D /* CapGen */,
				D4005DC0295BE0E1004D695D /* CapGenTests */,
				D4005DCA295BE0E1004D695D /* CapGenUITests */,
			);
		};
/* End PBXProject section */

/* Begin PBXResourcesBuildPhase section */
		D4005DAF295BE0E0004D695D /* Resources */ = {
			isa = PBXResourcesBuildPhase;
			buildActionMask = 2147483647;
			files = (
				D4056DDB295C0DFB00D3894D /* Blacker-Display-Medium-Italic-trial.ttf in Resources */,
				D4056E16295C0E2A00D3894D /* GraphikLightItalic.otf in Resources */,
				D4056E12295C0E2A00D3894D /* GraphikBoldItalic.otf in Resources */,
				D4056E15295C0E2A00D3894D /* GraphikExtralight.otf in Resources */,
				D4056E09295C0E2A00D3894D /* GraphikSemibold.otf in Resources */,
				D4056DEE295C0DFB00D3894D /* Blacker-Text-Bold-trial.ttf in Resources */,
				D4005DBC295BE0E1004D695D /* Preview Assets.xcassets in Resources */,
				D4056DE3295C0DFB00D3894D /* Blacker-Text-Book-trial.ttf in Resources */,
				D4056DE9295C0DFB00D3894D /* Blacker-Display-Heavy-Italic-trial.ttf in Resources */,
				D4056E0D295C0E2A00D3894D /* GraphikRegularItalic.otf in Resources */,
				D4056E13295C0E2A00D3894D /* GraphikBlack.otf in Resources */,
				D4056DDA295C0DFB00D3894D /* Blacker-Display-Regular-trial.ttf in Resources */,
				D4056E34296202E900D3894D /* CaptionLengths.json in Resources */,
				D4056DDC295C0DFB00D3894D /* Blacker-Text-Heavy-Italic-trial.ttf in Resources */,
				D4056E2E295F8F3A00D3894D /* Tones.json in Resources */,
				D4056DED295C0DFB00D3894D /* Blacker-Text-Regular-Italic-trial.ttf in Resources */,
				D4056DEF295C0DFB00D3894D /* Blacker-Display-Light-trial.ttf in Resources */,
				D4056E0A295C0E2A00D3894D /* GraphikExtralightItalic.otf in Resources */,
				D4056E05295C0E2A00D3894D /* GraphikSuperItalic.otf in Resources */,
				D4056E10295C0E2A00D3894D /* GraphikMediumItalic.otf in Resources */,
				D4056DE0295C0DFB00D3894D /* Blacker-Display-ExtraBold-trial.ttf in Resources */,
				D4056DEA295C0DFB00D3894D /* Blacker-Text-Medium-Italic-trial.ttf in Resources */,
				D4056E0B295C0E2A00D3894D /* GraphikThinItalic.otf in Resources */,
				D4056DF1295C0DFB00D3894D /* Blacker-Display-Heavy-trial.ttf in Resources */,
				D4056DE5295C0DFB00D3894D /* Blacker-Display-Bold-italic-trial.ttf in Resources */,
				D4056DE8295C0DFB00D3894D /* Blacker-Display-ExtraBold-Italic-trial.ttf in Resources */,
				D4056E14295C0E2A00D3894D /* GraphikBlackItalic.otf in Resources */,
				D4056DDD295C0DFB00D3894D /* Blacker-Display-Light-Italic-trial.ttf in Resources */,
				D4005DB9295BE0E1004D695D /* Assets.xcassets in Resources */,
				D4056E0E295C0E2A00D3894D /* GraphikLight.otf in Resources */,
				D4056DEB295C0DFB00D3894D /* Blacker-Display-Bold-trial.ttf in Resources */,
				D4056E08295C0E2A00D3894D /* GraphikSuper.otf in Resources */,
				D4056DF0295C0DFB00D3894D /* Blacker-Text-Regular-trial.ttf in Resources */,
				D4056E06295C0E2A00D3894D /* GraphikThin.otf in Resources */,
				D4056E07295C0E2A00D3894D /* GraphikBold.otf in Resources */,
				D4056DE1295C0DFB00D3894D /* Blacker-Text-Heavy-trial.ttf in Resources */,
				D4056DE6295C0DFB00D3894D /* Blacker-Text-Book-Italic-trial.ttf in Resources */,
				D4056E0F295C0E2A00D3894D /* GraphikRegular.otf in Resources */,
				D4056DDF295C0DFB00D3894D /* Blacker-Text-Bold-Italic-trial.ttf in Resources */,
				D4056DE7295C0DFB00D3894D /* Blacker-Text-Light-trial.ttf in Resources */,
				D4056E0C295C0E2A00D3894D /* GraphikMedium.otf in Resources */,
				D4056DE2295C0DFB00D3894D /* Blacker-Text-Light-Italic-trial.ttf in Resources */,
				D4056DE4295C0DFB00D3894D /* Blacker-Display-Medium-trial.ttf in Resources */,
				D4056DDE295C0DFB00D3894D /* Blacker-Display-Regular-Italic-trial.ttf in Resources */,
				D4056DEC295C0DFB00D3894D /* Blacker-Text-Medium-trial.ttf in Resources */,
				D4056E11295C0E2A00D3894D /* GraphikSemiboldItalic.otf in Resources */,
			);
			runOnlyForDeploymentPostprocessing = 0;
		};
		D4005DBF295BE0E1004D695D /* Resources */ = {
			isa = PBXResourcesBuildPhase;
			buildActionMask = 2147483647;
			files = (
			);
			runOnlyForDeploymentPostprocessing = 0;
		};
		D4005DC9295BE0E1004D695D /* Resources */ = {
			isa = PBXResourcesBuildPhase;
			buildActionMask = 2147483647;
			files = (
			);
			runOnlyForDeploymentPostprocessing = 0;
		};
/* End PBXResourcesBuildPhase section */

/* Begin PBXSourcesBuildPhase section */
		D4005DAD295BE0E0004D695D /* Sources */ = {
			isa = PBXSourcesBuildPhase;
			buildActionMask = 2147483647;
			files = (
				D4056E362962030800D3894D /* CaptionLengthsModel.swift in Sources */,
				D4056E28295F659B00D3894D /* View.swift in Sources */,
				D4056E20295CCA1C00D3894D /* Pill.swift in Sources */,
				D4056E26295F639100D3894D /* BottomAreaView.swift in Sources */,
				D4056E402963AB3B00D3894D /* LoadingView.swift in Sources */,
				D4056E302960F54900D3894D /* SnappableSliderView.swift in Sources */,
				D4005DEC295C09EE004D695D /* Font.swift in Sources */,
				D4056E3C2963450D00D3894D /* OpenAIConnector.swift in Sources */,
				D4056E3A29632A4E00D3894D /* NavigationCoordinator.swift in Sources */,
				D4056E24295E296600D3894D /* TextAreaView.swift in Sources */,
				D4056E3E2963487500D3894D /* OpenAIModel.swift in Sources */,
				D4056E2C295F8F0100D3894D /* ToneModel.swift in Sources */,
				D4005DB7295BE0E0004D695D /* ContentView.swift in Sources */,
				D4056E2A295F8EA700D3894D /* RectangleCard.swift in Sources */,
				D4005DB5295BE0E0004D695D /* CapGenApp.swift in Sources */,
				D4005DE4295C042F004D695D /* Color.swift in Sources */,
				D4056E382963178D00D3894D /* CaptionView.swift in Sources */,
			);
			runOnlyForDeploymentPostprocessing = 0;
		};
		D4005DBD295BE0E1004D695D /* Sources */ = {
			isa = PBXSourcesBuildPhase;
			buildActionMask = 2147483647;
			files = (
				D4005DC6295BE0E1004D695D /* CapGenTests.swift in Sources */,
			);
			runOnlyForDeploymentPostprocessing = 0;
		};
		D4005DC7295BE0E1004D695D /* Sources */ = {
			isa = PBXSourcesBuildPhase;
			buildActionMask = 2147483647;
			files = (
				D4005DD2295BE0E1004D695D /* CapGenUITestsLaunchTests.swift in Sources */,
				D4005DD0295BE0E1004D695D /* CapGenUITests.swift in Sources */,
			);
			runOnlyForDeploymentPostprocessing = 0;
		};
/* End PBXSourcesBuildPhase section */

/* Begin PBXTargetDependency section */
		D4005DC3295BE0E1004D695D /* PBXTargetDependency */ = {
			isa = PBXTargetDependency;
			target = D4005DB0295BE0E0004D695D /* CapGen */;
			targetProxy = D4005DC2295BE0E1004D695D /* PBXContainerItemProxy */;
		};
		D4005DCD295BE0E1004D695D /* PBXTargetDependency */ = {
			isa = PBXTargetDependency;
			target = D4005DB0295BE0E0004D695D /* CapGen */;
			targetProxy = D4005DCC295BE0E1004D695D /* PBXContainerItemProxy */;
		};
/* End PBXTargetDependency section */

/* Begin XCBuildConfiguration section */
		D4005DD3295BE0E1004D695D /* Debug */ = {
			isa = XCBuildConfiguration;
			buildSettings = {
				ALWAYS_SEARCH_USER_PATHS = NO;
				CLANG_ANALYZER_NONNULL = YES;
				CLANG_ANALYZER_NUMBER_OBJECT_CONVERSION = YES_AGGRESSIVE;
				CLANG_CXX_LANGUAGE_STANDARD = "gnu++20";
				CLANG_ENABLE_MODULES = YES;
				CLANG_ENABLE_OBJC_ARC = YES;
				CLANG_ENABLE_OBJC_WEAK = YES;
				CLANG_WARN_BLOCK_CAPTURE_AUTORELEASING = YES;
				CLANG_WARN_BOOL_CONVERSION = YES;
				CLANG_WARN_COMMA = YES;
				CLANG_WARN_CONSTANT_CONVERSION = YES;
				CLANG_WARN_DEPRECATED_OBJC_IMPLEMENTATIONS = YES;
				CLANG_WARN_DIRECT_OBJC_ISA_USAGE = YES_ERROR;
				CLANG_WARN_DOCUMENTATION_COMMENTS = YES;
				CLANG_WARN_EMPTY_BODY = YES;
				CLANG_WARN_ENUM_CONVERSION = YES;
				CLANG_WARN_INFINITE_RECURSION = YES;
				CLANG_WARN_INT_CONVERSION = YES;
				CLANG_WARN_NON_LITERAL_NULL_CONVERSION = YES;
				CLANG_WARN_OBJC_IMPLICIT_RETAIN_SELF = YES;
				CLANG_WARN_OBJC_LITERAL_CONVERSION = YES;
				CLANG_WARN_OBJC_ROOT_CLASS = YES_ERROR;
				CLANG_WARN_QUOTED_INCLUDE_IN_FRAMEWORK_HEADER = YES;
				CLANG_WARN_RANGE_LOOP_ANALYSIS = YES;
				CLANG_WARN_STRICT_PROTOTYPES = YES;
				CLANG_WARN_SUSPICIOUS_MOVE = YES;
				CLANG_WARN_UNGUARDED_AVAILABILITY = YES_AGGRESSIVE;
				CLANG_WARN_UNREACHABLE_CODE = YES;
				CLANG_WARN__DUPLICATE_METHOD_MATCH = YES;
				COPY_PHASE_STRIP = NO;
				DEBUG_INFORMATION_FORMAT = dwarf;
				ENABLE_STRICT_OBJC_MSGSEND = YES;
				ENABLE_TESTABILITY = YES;
				GCC_C_LANGUAGE_STANDARD = gnu11;
				GCC_DYNAMIC_NO_PIC = NO;
				GCC_NO_COMMON_BLOCKS = YES;
				GCC_OPTIMIZATION_LEVEL = 0;
				GCC_PREPROCESSOR_DEFINITIONS = (
					"DEBUG=1",
					"$(inherited)",
				);
				GCC_WARN_64_TO_32_BIT_CONVERSION = YES;
				GCC_WARN_ABOUT_RETURN_TYPE = YES_ERROR;
				GCC_WARN_UNDECLARED_SELECTOR = YES;
				GCC_WARN_UNINITIALIZED_AUTOS = YES_AGGRESSIVE;
				GCC_WARN_UNUSED_FUNCTION = YES;
				GCC_WARN_UNUSED_VARIABLE = YES;
				IPHONEOS_DEPLOYMENT_TARGET = 16.2;
				MTL_ENABLE_DEBUG_INFO = INCLUDE_SOURCE;
				MTL_FAST_MATH = YES;
				ONLY_ACTIVE_ARCH = YES;
				SDKROOT = iphoneos;
				SWIFT_ACTIVE_COMPILATION_CONDITIONS = DEBUG;
				SWIFT_OPTIMIZATION_LEVEL = "-Onone";
			};
			name = Debug;
		};
		D4005DD4295BE0E1004D695D /* Release */ = {
			isa = XCBuildConfiguration;
			buildSettings = {
				ALWAYS_SEARCH_USER_PATHS = NO;
				CLANG_ANALYZER_NONNULL = YES;
				CLANG_ANALYZER_NUMBER_OBJECT_CONVERSION = YES_AGGRESSIVE;
				CLANG_CXX_LANGUAGE_STANDARD = "gnu++20";
				CLANG_ENABLE_MODULES = YES;
				CLANG_ENABLE_OBJC_ARC = YES;
				CLANG_ENABLE_OBJC_WEAK = YES;
				CLANG_WARN_BLOCK_CAPTURE_AUTORELEASING = YES;
				CLANG_WARN_BOOL_CONVERSION = YES;
				CLANG_WARN_COMMA = YES;
				CLANG_WARN_CONSTANT_CONVERSION = YES;
				CLANG_WARN_DEPRECATED_OBJC_IMPLEMENTATIONS = YES;
				CLANG_WARN_DIRECT_OBJC_ISA_USAGE = YES_ERROR;
				CLANG_WARN_DOCUMENTATION_COMMENTS = YES;
				CLANG_WARN_EMPTY_BODY = YES;
				CLANG_WARN_ENUM_CONVERSION = YES;
				CLANG_WARN_INFINITE_RECURSION = YES;
				CLANG_WARN_INT_CONVERSION = YES;
				CLANG_WARN_NON_LITERAL_NULL_CONVERSION = YES;
				CLANG_WARN_OBJC_IMPLICIT_RETAIN_SELF = YES;
				CLANG_WARN_OBJC_LITERAL_CONVERSION = YES;
				CLANG_WARN_OBJC_ROOT_CLASS = YES_ERROR;
				CLANG_WARN_QUOTED_INCLUDE_IN_FRAMEWORK_HEADER = YES;
				CLANG_WARN_RANGE_LOOP_ANALYSIS = YES;
				CLANG_WARN_STRICT_PROTOTYPES = YES;
				CLANG_WARN_SUSPICIOUS_MOVE = YES;
				CLANG_WARN_UNGUARDED_AVAILABILITY = YES_AGGRESSIVE;
				CLANG_WARN_UNREACHABLE_CODE = YES;
				CLANG_WARN__DUPLICATE_METHOD_MATCH = YES;
				COPY_PHASE_STRIP = NO;
				DEBUG_INFORMATION_FORMAT = "dwarf-with-dsym";
				ENABLE_NS_ASSERTIONS = NO;
				ENABLE_STRICT_OBJC_MSGSEND = YES;
				GCC_C_LANGUAGE_STANDARD = gnu11;
				GCC_NO_COMMON_BLOCKS = YES;
				GCC_WARN_64_TO_32_BIT_CONVERSION = YES;
				GCC_WARN_ABOUT_RETURN_TYPE = YES_ERROR;
				GCC_WARN_UNDECLARED_SELECTOR = YES;
				GCC_WARN_UNINITIALIZED_AUTOS = YES_AGGRESSIVE;
				GCC_WARN_UNUSED_FUNCTION = YES;
				GCC_WARN_UNUSED_VARIABLE = YES;
				IPHONEOS_DEPLOYMENT_TARGET = 16.2;
				MTL_ENABLE_DEBUG_INFO = NO;
				MTL_FAST_MATH = YES;
				SDKROOT = iphoneos;
				SWIFT_COMPILATION_MODE = wholemodule;
				SWIFT_OPTIMIZATION_LEVEL = "-O";
				VALIDATE_PRODUCT = YES;
			};
			name = Release;
		};
		D4005DD6295BE0E1004D695D /* Debug */ = {
			isa = XCBuildConfiguration;
			buildSettings = {
				ASSETCATALOG_COMPILER_APPICON_NAME = AppIcon;
				ASSETCATALOG_COMPILER_GLOBAL_ACCENT_COLOR_NAME = AccentColor;
				CODE_SIGN_STYLE = Automatic;
				CURRENT_PROJECT_VERSION = 1;
				DEVELOPMENT_ASSET_PATHS = "\"CapGen/Preview Content\"";
				DEVELOPMENT_TEAM = Y5N6F2G6M7;
				ENABLE_PREVIEWS = YES;
				GENERATE_INFOPLIST_FILE = YES;
				INFOPLIST_FILE = CapGen/Info.plist;
				INFOPLIST_KEY_LSApplicationCategoryType = "";
				INFOPLIST_KEY_UIApplicationSceneManifest_Generation = YES;
				INFOPLIST_KEY_UIApplicationSupportsIndirectInputEvents = YES;
				INFOPLIST_KEY_UILaunchScreen_Generation = YES;
				INFOPLIST_KEY_UISupportedInterfaceOrientations_iPad = "UIInterfaceOrientationPortrait UIInterfaceOrientationPortraitUpsideDown UIInterfaceOrientationLandscapeLeft UIInterfaceOrientationLandscapeRight";
				INFOPLIST_KEY_UISupportedInterfaceOrientations_iPhone = "UIInterfaceOrientationPortrait UIInterfaceOrientationLandscapeLeft UIInterfaceOrientationLandscapeRight";
				LD_RUNPATH_SEARCH_PATHS = (
					"$(inherited)",
					"@executable_path/Frameworks",
				);
				MARKETING_VERSION = 1.0;
				PRODUCT_BUNDLE_IDENTIFIER = com.kevu.CapGen;
				PRODUCT_NAME = "$(TARGET_NAME)";
				SWIFT_EMIT_LOC_STRINGS = YES;
				SWIFT_VERSION = 5.0;
				TARGETED_DEVICE_FAMILY = "1,2";
			};
			name = Debug;
		};
		D4005DD7295BE0E1004D695D /* Release */ = {
			isa = XCBuildConfiguration;
			buildSettings = {
				ASSETCATALOG_COMPILER_APPICON_NAME = AppIcon;
				ASSETCATALOG_COMPILER_GLOBAL_ACCENT_COLOR_NAME = AccentColor;
				CODE_SIGN_STYLE = Automatic;
				CURRENT_PROJECT_VERSION = 1;
				DEVELOPMENT_ASSET_PATHS = "\"CapGen/Preview Content\"";
				DEVELOPMENT_TEAM = Y5N6F2G6M7;
				ENABLE_PREVIEWS = YES;
				GENERATE_INFOPLIST_FILE = YES;
				INFOPLIST_FILE = CapGen/Info.plist;
				INFOPLIST_KEY_LSApplicationCategoryType = "";
				INFOPLIST_KEY_UIApplicationSceneManifest_Generation = YES;
				INFOPLIST_KEY_UIApplicationSupportsIndirectInputEvents = YES;
				INFOPLIST_KEY_UILaunchScreen_Generation = YES;
				INFOPLIST_KEY_UISupportedInterfaceOrientations_iPad = "UIInterfaceOrientationPortrait UIInterfaceOrientationPortraitUpsideDown UIInterfaceOrientationLandscapeLeft UIInterfaceOrientationLandscapeRight";
				INFOPLIST_KEY_UISupportedInterfaceOrientations_iPhone = "UIInterfaceOrientationPortrait UIInterfaceOrientationLandscapeLeft UIInterfaceOrientationLandscapeRight";
				LD_RUNPATH_SEARCH_PATHS = (
					"$(inherited)",
					"@executable_path/Frameworks",
				);
				MARKETING_VERSION = 1.0;
				PRODUCT_BUNDLE_IDENTIFIER = com.kevu.CapGen;
				PRODUCT_NAME = "$(TARGET_NAME)";
				SWIFT_EMIT_LOC_STRINGS = YES;
				SWIFT_VERSION = 5.0;
				TARGETED_DEVICE_FAMILY = "1,2";
			};
			name = Release;
		};
		D4005DD9295BE0E1004D695D /* Debug */ = {
			isa = XCBuildConfiguration;
			buildSettings = {
				ALWAYS_EMBED_SWIFT_STANDARD_LIBRARIES = YES;
				BUNDLE_LOADER = "$(TEST_HOST)";
				CODE_SIGN_STYLE = Automatic;
				CURRENT_PROJECT_VERSION = 1;
				DEVELOPMENT_TEAM = Y5N6F2G6M7;
				GENERATE_INFOPLIST_FILE = YES;
				IPHONEOS_DEPLOYMENT_TARGET = 16.2;
				MARKETING_VERSION = 1.0;
				PRODUCT_BUNDLE_IDENTIFIER = com.kevu.CapGenTests;
				PRODUCT_NAME = "$(TARGET_NAME)";
				SWIFT_EMIT_LOC_STRINGS = NO;
				SWIFT_VERSION = 5.0;
				TARGETED_DEVICE_FAMILY = "1,2";
				TEST_HOST = "$(BUILT_PRODUCTS_DIR)/CapGen.app/$(BUNDLE_EXECUTABLE_FOLDER_PATH)/CapGen";
			};
			name = Debug;
		};
		D4005DDA295BE0E1004D695D /* Release */ = {
			isa = XCBuildConfiguration;
			buildSettings = {
				ALWAYS_EMBED_SWIFT_STANDARD_LIBRARIES = YES;
				BUNDLE_LOADER = "$(TEST_HOST)";
				CODE_SIGN_STYLE = Automatic;
				CURRENT_PROJECT_VERSION = 1;
				DEVELOPMENT_TEAM = Y5N6F2G6M7;
				GENERATE_INFOPLIST_FILE = YES;
				IPHONEOS_DEPLOYMENT_TARGET = 16.2;
				MARKETING_VERSION = 1.0;
				PRODUCT_BUNDLE_IDENTIFIER = com.kevu.CapGenTests;
				PRODUCT_NAME = "$(TARGET_NAME)";
				SWIFT_EMIT_LOC_STRINGS = NO;
				SWIFT_VERSION = 5.0;
				TARGETED_DEVICE_FAMILY = "1,2";
				TEST_HOST = "$(BUILT_PRODUCTS_DIR)/CapGen.app/$(BUNDLE_EXECUTABLE_FOLDER_PATH)/CapGen";
			};
			name = Release;
		};
		D4005DDC295BE0E1004D695D /* Debug */ = {
			isa = XCBuildConfiguration;
			buildSettings = {
				ALWAYS_EMBED_SWIFT_STANDARD_LIBRARIES = YES;
				CODE_SIGN_STYLE = Automatic;
				CURRENT_PROJECT_VERSION = 1;
				DEVELOPMENT_TEAM = Y5N6F2G6M7;
				GENERATE_INFOPLIST_FILE = YES;
				MARKETING_VERSION = 1.0;
				PRODUCT_BUNDLE_IDENTIFIER = com.kevu.CapGenUITests;
				PRODUCT_NAME = "$(TARGET_NAME)";
				SWIFT_EMIT_LOC_STRINGS = NO;
				SWIFT_VERSION = 5.0;
				TARGETED_DEVICE_FAMILY = "1,2";
				TEST_TARGET_NAME = CapGen;
			};
			name = Debug;
		};
		D4005DDD295BE0E1004D695D /* Release */ = {
			isa = XCBuildConfiguration;
			buildSettings = {
				ALWAYS_EMBED_SWIFT_STANDARD_LIBRARIES = YES;
				CODE_SIGN_STYLE = Automatic;
				CURRENT_PROJECT_VERSION = 1;
				DEVELOPMENT_TEAM = Y5N6F2G6M7;
				GENERATE_INFOPLIST_FILE = YES;
				MARKETING_VERSION = 1.0;
				PRODUCT_BUNDLE_IDENTIFIER = com.kevu.CapGenUITests;
				PRODUCT_NAME = "$(TARGET_NAME)";
				SWIFT_EMIT_LOC_STRINGS = NO;
				SWIFT_VERSION = 5.0;
				TARGETED_DEVICE_FAMILY = "1,2";
				TEST_TARGET_NAME = CapGen;
			};
			name = Release;
		};
/* End XCBuildConfiguration section */

/* Begin XCConfigurationList section */
		D4005DAC295BE0E0004D695D /* Build configuration list for PBXProject "CapGen" */ = {
			isa = XCConfigurationList;
			buildConfigurations = (
				D4005DD3295BE0E1004D695D /* Debug */,
				D4005DD4295BE0E1004D695D /* Release */,
			);
			defaultConfigurationIsVisible = 0;
			defaultConfigurationName = Release;
		};
		D4005DD5295BE0E1004D695D /* Build configuration list for PBXNativeTarget "CapGen" */ = {
			isa = XCConfigurationList;
			buildConfigurations = (
				D4005DD6295BE0E1004D695D /* Debug */,
				D4005DD7295BE0E1004D695D /* Release */,
			);
			defaultConfigurationIsVisible = 0;
			defaultConfigurationName = Release;
		};
		D4005DD8295BE0E1004D695D /* Build configuration list for PBXNativeTarget "CapGenTests" */ = {
			isa = XCConfigurationList;
			buildConfigurations = (
				D4005DD9295BE0E1004D695D /* Debug */,
				D4005DDA295BE0E1004D695D /* Release */,
			);
			defaultConfigurationIsVisible = 0;
			defaultConfigurationName = Release;
		};
		D4005DDB295BE0E1004D695D /* Build configuration list for PBXNativeTarget "CapGenUITests" */ = {
			isa = XCConfigurationList;
			buildConfigurations = (
				D4005DDC295BE0E1004D695D /* Debug */,
				D4005DDD295BE0E1004D695D /* Release */,
			);
			defaultConfigurationIsVisible = 0;
			defaultConfigurationName = Release;
		};
/* End XCConfigurationList section */
	};
	rootObject = D4005DA9295BE0E0004D695D /* Project object */;
}
